// !$*UTF8*$!
{
	archiveVersion = 1;
	classes = {};
	objectVersion = 56;
	objects = {

/* Begin PBXBuildFile section */
		A10000000000000000000001 /* DoranDoranPhotosCompanionApp.swift in Sources */ = {isa = PBXBuildFile; fileRef = B10000000000000000000001 /* DoranDoranPhotosCompanionApp.swift */; };
		A10000000000000000000002 /* ApplePhotoCompanionClient.swift in Sources */ = {isa = PBXBuildFile; fileRef = B10000000000000000000002 /* ApplePhotoCompanionClient.swift */; };
		A10000000000000000000003 /* ApplePhotoKeychainTokenStore.swift in Sources */ = {isa = PBXBuildFile; fileRef = B10000000000000000000003 /* ApplePhotoKeychainTokenStore.swift */; };
		A10000000000000000000004 /* ApplePhotoMetadata.swift in Sources */ = {isa = PBXBuildFile; fileRef = B10000000000000000000004 /* ApplePhotoMetadata.swift */; };
		A10000000000000000000005 /* ApplePhotoPairingClient.swift in Sources */ = {isa = PBXBuildFile; fileRef = B10000000000000000000005 /* ApplePhotoPairingClient.swift */; };
		A10000000000000000000006 /* PhotoKitMetadataChangeStream.swift in Sources */ = {isa = PBXBuildFile; fileRef = B10000000000000000000006 /* PhotoKitMetadataChangeStream.swift */; };
		A10000000000000000000007 /* PhotoKitMetadataProjector.swift in Sources */ = {isa = PBXBuildFile; fileRef = B10000000000000000000007 /* PhotoKitMetadataProjector.swift */; };
/* End PBXBuildFile section */

/* Begin PBXFileReference section */
		B10000000000000000000001 /* DoranDoranPhotosCompanionApp.swift */ = {isa = PBXFileReference; lastKnownFileType = sourcecode.swift; path = DoranDoranPhotosCompanionApp.swift; sourceTree = "<group>"; };
		B10000000000000000000002 /* ApplePhotoCompanionClient.swift */ = {isa = PBXFileReference; lastKnownFileType = sourcecode.swift; path = ../DoranDoranPhotosCompanion/Sources/DoranDoranPhotosCompanion/ApplePhotoCompanionClient.swift; sourceTree = "<group>"; };
		B10000000000000000000003 /* ApplePhotoKeychainTokenStore.swift */ = {isa = PBXFileReference; lastKnownFileType = sourcecode.swift; path = ../DoranDoranPhotosCompanion/Sources/DoranDoranPhotosCompanion/ApplePhotoKeychainTokenStore.swift; sourceTree = "<group>"; };
		B10000000000000000000004 /* ApplePhotoMetadata.swift */ = {isa = PBXFileReference; lastKnownFileType = sourcecode.swift; path = ../DoranDoranPhotosCompanion/Sources/DoranDoranPhotosCompanion/ApplePhotoMetadata.swift; sourceTree = "<group>"; };
		B10000000000000000000005 /* ApplePhotoPairingClient.swift */ = {isa = PBXFileReference; lastKnownFileType = sourcecode.swift; path = ../DoranDoranPhotosCompanion/Sources/DoranDoranPhotosCompanion/ApplePhotoPairingClient.swift; sourceTree = "<group>"; };
		B10000000000000000000006 /* PhotoKitMetadataChangeStream.swift */ = {isa = PBXFileReference; lastKnownFileType = sourcecode.swift; path = ../DoranDoranPhotosCompanion/Sources/DoranDoranPhotosCompanion/PhotoKitMetadataChangeStream.swift; sourceTree = "<group>"; };
		B10000000000000000000007 /* PhotoKitMetadataProjector.swift */ = {isa = PBXFileReference; lastKnownFileType = sourcecode.swift; path = ../DoranDoranPhotosCompanion/Sources/DoranDoranPhotosCompanion/PhotoKitMetadataProjector.swift; sourceTree = "<group>"; };
		B10000000000000000000008 /* Info.plist */ = {isa = PBXFileReference; lastKnownFileType = text.plist.xml; path = Info.plist; sourceTree = "<group>"; };
		B10000000000000000000009 /* DoranDoranPhotosCompanion.app */ = {isa = PBXFileReference; explicitFileType = wrapper.application; includeInIndex = 0; path = DoranDoranPhotosCompanion.app; sourceTree = BUILT_PRODUCTS_DIR; };
/* End PBXFileReference section */

/* Begin PBXFrameworksBuildPhase section */
		C10000000000000000000001 /* Frameworks */ = {isa = PBXFrameworksBuildPhase; buildActionMask = 2147483647; files = (); runOnlyForDeploymentPostprocessing = 0; };
/* End PBXFrameworksBuildPhase section */

/* Begin PBXGroup section */
		D10000000000000000000001 = {isa = PBXGroup; children = (D10000000000000000000002, D10000000000000000000003, D10000000000000000000004); sourceTree = "<group>"; };
		D10000000000000000000002 /* App */ = {isa = PBXGroup; children = (B10000000000000000000001, B10000000000000000000008); sourceTree = "<group>"; };
		D10000000000000000000003 /* Companion Sources */ = {isa = PBXGroup; children = (B10000000000000000000002, B10000000000000000000003, B10000000000000000000004, B10000000000000000000005, B10000000000000000000006, B10000000000000000000007); sourceTree = "<group>"; };
		D10000000000000000000004 /* Products */ = {isa = PBXGroup; children = (B10000000000000000000009); name = Products; sourceTree = "<group>"; };
/* End PBXGroup section */

/* Begin PBXNativeTarget section */
		E10000000000000000000001 /* DoranDoranPhotosCompanion */ = {isa = PBXNativeTarget; buildConfigurationList = F10000000000000000000002; buildPhases = (C10000000000000000000002, C10000000000000000000001, C10000000000000000000003); buildRules = (); dependencies = (); name = DoranDoranPhotosCompanion; productName = DoranDoranPhotosCompanion; productReference = B10000000000000000000009; productType = "com.apple.product-type.application"; };
/* End PBXNativeTarget section */

/* Begin PBXProject section */
		E10000000000000000000002 /* Project object */ = {isa = PBXProject; attributes = {LastUpgradeCheck = 2600;}; buildConfigurationList = F10000000000000000000001; compatibilityVersion = "Xcode 3.2"; developmentRegion = en; hasScannedForEncodings = 0; mainGroup = D10000000000000000000001; productRefGroup = D10000000000000000000004; projectDirPath = ""; projectRoot = ""; targets = (E10000000000000000000001); };
/* End PBXProject section */

/* Begin PBXResourcesBuildPhase section */
		C10000000000000000000003 /* Resources */ = {isa = PBXResourcesBuildPhase; buildActionMask = 2147483647; files = (); runOnlyForDeploymentPostprocessing = 0; };
/* End PBXResourcesBuildPhase section */

/* Begin PBXSourcesBuildPhase section */
		C10000000000000000000002 /* Sources */ = {isa = PBXSourcesBuildPhase; buildActionMask = 2147483647; files = (A10000000000000000000001, A10000000000000000000002, A10000000000000000000003, A10000000000000000000004, A10000000000000000000005, A10000000000000000000006, A10000000000000000000007); runOnlyForDeploymentPostprocessing = 0; };
/* End PBXSourcesBuildPhase section */

/* Begin XCBuildConfiguration section */
		F10000000000000000000003 /* Debug */ = {isa = XCBuildConfiguration; buildSettings = {ASSETCATALOG_COMPILER_APPICON_NAME = ""; CODE_SIGNING_ALLOWED = YES; CURRENT_PROJECT_VERSION = 1; GENERATE_INFOPLIST_FILE = NO; INFOPLIST_FILE = Info.plist; IPHONEOS_DEPLOYMENT_TARGET = 17.0; PRODUCT_BUNDLE_IDENTIFIER = link.dorandoran.photos; PRODUCT_NAME = "$(TARGET_NAME)"; SDKROOT = iphoneos; SWIFT_VERSION = 6.0; TARGETED_DEVICE_FAMILY = "1,2"; }; name = Debug; };
		F10000000000000000000004 /* Release */ = {isa = XCBuildConfiguration; buildSettings = {ASSETCATALOG_COMPILER_APPICON_NAME = ""; CODE_SIGNING_ALLOWED = YES; CURRENT_PROJECT_VERSION = 1; GENERATE_INFOPLIST_FILE = NO; INFOPLIST_FILE = Info.plist; IPHONEOS_DEPLOYMENT_TARGET = 17.0; PRODUCT_BUNDLE_IDENTIFIER = link.dorandoran.photos; PRODUCT_NAME = "$(TARGET_NAME)"; SDKROOT = iphoneos; SWIFT_VERSION = 6.0; TARGETED_DEVICE_FAMILY = "1,2"; }; name = Release; };
		F10000000000000000000005 /* Debug */ = {isa = XCBuildConfiguration; buildSettings = {CODE_SIGNING_ALLOWED = NO; CODE_SIGNING_REQUIRED = NO; CURRENT_PROJECT_VERSION = 1; GENERATE_INFOPLIST_FILE = NO; INFOPLIST_FILE = Info.plist; IPHONEOS_DEPLOYMENT_TARGET = 17.0; PRODUCT_BUNDLE_IDENTIFIER = link.dorandoran.photos; PRODUCT_NAME = "$(TARGET_NAME)"; SDKROOT = iphoneos; SUPPORTED_PLATFORMS = "iphoneos iphonesimulator"; SWIFT_VERSION = 6.0; TARGETED_DEVICE_FAMILY = "1,2"; }; name = Debug; };
		F10000000000000000000006 /* Release */ = {isa = XCBuildConfiguration; buildSettings = {CODE_SIGNING_ALLOWED = NO; CODE_SIGNING_REQUIRED = NO; CURRENT_PROJECT_VERSION = 1; GENERATE_INFOPLIST_FILE = NO; INFOPLIST_FILE = Info.plist; IPHONEOS_DEPLOYMENT_TARGET = 17.0; PRODUCT_BUNDLE_IDENTIFIER = link.dorandoran.photos; PRODUCT_NAME = "$(TARGET_NAME)"; SDKROOT = iphoneos; SUPPORTED_PLATFORMS = "iphoneos iphonesimulator"; SWIFT_VERSION = 6.0; TARGETED_DEVICE_FAMILY = "1,2"; }; name = Release; };
/* End XCBuildConfiguration section */

/* Begin XCConfigurationList section */
		F10000000000000000000001 /* Project configuration list */ = {isa = XCConfigurationList; buildConfigurations = (F10000000000000000000003, F10000000000000000000004); defaultConfigurationIsVisible = 0; defaultConfigurationName = Release; };
		F10000000000000000000002 /* Target configuration list */ = {isa = XCConfigurationList; buildConfigurations = (F10000000000000000000005, F10000000000000000000006); defaultConfigurationIsVisible = 0; defaultConfigurationName = Release; };
/* End XCConfigurationList section */
	};
	rootObject = E10000000000000000000002 /* Project object */;
}
